
Microsoft Visual Studio Solution File, Format Version 12.00
# Visual Studio Version 17
VisualStudioVersion = 17.1.32407.343
MinimumVisualStudioVersion = 10.0.40219.1
Project("{2150E333-8FDC-42A3-9474-1A3956D46DE8}") = "Src", "Src", "{9820AFC7-BA85-4A22-9D86-918128415677}"
EndProject
Project("{2150E333-8FDC-42A3-9474-1A3956D46DE8}") = "Common", "Common", "{A1D20697-E3FC-40D3-A6C8-0F4514F485AF}"
EndProject
Project("{9A19103F-16F7-4668-BE54-9A1E7A4F7556}") = "NewsWebSite.Common", "NewsWebSite.Common\NewsWebSite.Common.csproj", "{E999C691-5980-4981-A854-AB6C2D587231}"
EndProject
Project("{2150E333-8FDC-42A3-9474-1A3956D46DE8}") = "Core", "Core", "{F9838E51-9A88-4874-BF78-AE90CF15C6F0}"
EndProject
Project("{9A19103F-16F7-4668-BE54-9A1E7A4F7556}") = "NewsWebSite.Application", "NewsWebSite.Application\NewsWebSite.Application.csproj", "{C8C3FECB-91DC-4E66-9FCA-9B12953EC88C}"
EndProject
Project("{9A19103F-16F7-4668-BE54-9A1E7A4F7556}") = "NewsWebSite.Domain", "NewsWebSite.Domain\NewsWebSite.Domain.csproj", "{0DC78813-D47A-4796-98E8-A51D40286F94}"
EndProject
Project("{2150E333-8FDC-42A3-9474-1A3956D46DE8}") = "Infrastructure", "Infrastructure", "{CC720465-D265-45D2-8282-C583F2DA39EF}"
EndProject
Project("{9A19103F-16F7-4668-BE54-9A1E7A4F7556}") = "NewsWebSite.Persistence", "NewsWebSite.Persistence\NewsWebSite.Persistence.csproj", "{1AF71DE3-99DA-4D8E-BE92-861B05794CAC}"
EndProject
Project("{2150E333-8FDC-42A3-9474-1A3956D46DE8}") = "Presentation", "Presentation", "{656156FF-778F-49E6-B129-EAAEA9E0E7EE}"
EndProject
Project("{9A19103F-16F7-4668-BE54-9A1E7A4F7556}") = "EndPoint", "EndPoint\EndPoint.csproj", "{A26360B7-1492-4083-A1B1-F2DABCC83D49}"
EndProject
Global
	GlobalSection(SolutionConfigurationPlatforms) = preSolution
		Debug|Any CPU = Debug|Any CPU
		Release|Any CPU = Release|Any CPU
	EndGlobalSection
	GlobalSection(ProjectConfigurationPlatforms) = postSolution
		{E999C691-5980-4981-A854-AB6C2D587231}.Debug|Any CPU.ActiveCfg = Debug|Any CPU
		{E999C691-5980-4981-A854-AB6C2D587231}.Debug|Any CPU.Build.0 = Debug|Any CPU
		{E999C691-5980-4981-A854-AB6C2D587231}.Release|Any CPU.ActiveCfg = Release|Any CPU
		{E999C691-5980-4981-A854-AB6C2D587231}.Release|Any CPU.Build.0 = Release|Any CPU
		{C8C3FECB-91DC-4E66-9FCA-9B12953EC88C}.Debug|Any CPU.ActiveCfg = Debug|Any CPU
		{C8C3FECB-91DC-4E66-9FCA-9B12953EC88C}.Debug|Any CPU.Build.0 = Debug|Any CPU
		{C8C3FECB-91DC-4E66-9FCA-9B12953EC88C}.Release|Any CPU.ActiveCfg = Release|Any CPU
		{C8C3FECB-91DC-4E66-9FCA-9B12953EC88C}.Release|Any CPU.Build.0 = Release|Any CPU
		{0DC78813-D47A-4796-98E8-A51D40286F94}.Debug|Any CPU.ActiveCfg = Debug|Any CPU
		{0DC78813-D47A-4796-98E8-A51D40286F94}.Debug|Any CPU.Build.0 = Debug|Any CPU
		{0DC78813-D47A-4796-98E8-A51D40286F94}.Release|Any CPU.ActiveCfg = Release|Any CPU
		{0DC78813-D47A-4796-98E8-A51D40286F94}.Release|Any CPU.Build.0 = Release|Any CPU
		{1AF71DE3-99DA-4D8E-BE92-861B05794CAC}.Debug|Any CPU.ActiveCfg = Debug|Any CPU
		{1AF71DE3-99DA-4D8E-BE92-861B05794CAC}.Debug|Any CPU.Build.0 = Debug|Any CPU
		{1AF71DE3-99DA-4D8E-BE92-861B05794CAC}.Release|Any CPU.ActiveCfg = Release|Any CPU
		{1AF71DE3-99DA-4D8E-BE92-861B05794CAC}.Release|Any CPU.Build.0 = Release|Any CPU
		{A26360B7-1492-4083-A1B1-F2DABCC83D49}.Debug|Any CPU.ActiveCfg = Debug|Any CPU
		{A26360B7-1492-4083-A1B1-F2DABCC83D49}.Debug|Any CPU.Build.0 = Debug|Any CPU
		{A26360B7-1492-4083-A1B1-F2DABCC83D49}.Release|Any CPU.ActiveCfg = Release|Any CPU
		{A26360B7-1492-4083-A1B1-F2DABCC83D49}.Release|Any CPU.Build.0 = Release|Any CPU
	EndGlobalSection
	GlobalSection(SolutionProperties) = preSolution
		HideSolutionNode = FALSE
	EndGlobalSection
	GlobalSection(NestedProjects) = preSolution
		{A1D20697-E3FC-40D3-A6C8-0F4514F485AF} = {9820AFC7-BA85-4A22-9D86-918128415677}
		{E999C691-5980-4981-A854-AB6C2D587231} = {A1D20697-E3FC-40D3-A6C8-0F4514F485AF}
		{F9838E51-9A88-4874-BF78-AE90CF15C6F0} = {9820AFC7-BA85-4A22-9D86-918128415677}
		{C8C3FECB-91DC-4E66-9FCA-9B12953EC88C} = {F9838E51-9A88-4874-BF78-AE90CF15C6F0}
		{0DC78813-D47A-4796-98E8-A51D40286F94} = {F9838E51-9A88-4874-BF78-AE90CF15C6F0}
		{CC720465-D265-45D2-8282-C583F2DA39EF} = {9820AFC7-BA85-4A22-9D86-918128415677}
		{1AF71DE3-99DA-4D8E-BE92-861B05794CAC} = {CC720465-D265-45D2-8282-C583F2DA39EF}
		{656156FF-778F-49E6-B129-EAAEA9E0E7EE} = {9820AFC7-BA85-4A22-9D86-918128415677}
		{A26360B7-1492-4083-A1B1-F2DABCC83D49} = {656156FF-778F-49E6-B129-EAAEA9E0E7EE}
	EndGlobalSection
	GlobalSection(ExtensibilityGlobals) = postSolution
		SolutionGuid = {96EC84C1-C59D-4834-9B2D-586CB4F85DF1}
	EndGlobalSection
EndGlobal
